
Microsoft Visual Studio Solution File, Format Version 12.00
# Visual Studio Version 17
VisualStudioVersion = 17.9.34622.214
MinimumVisualStudioVersion = 10.0.40219.1
Project("{FAE04EC0-301F-11D3-BF4B-00C04F79EFBC}") = "useradmin", "useradmin\useradmin.csproj", "{8305CE89-FF0B-4677-BC6F-5337EF159577}"
EndProject
Global
	GlobalSection(SolutionConfigurationPlatforms) = preSolution
		Debug|Any CPU = Debug|Any CPU
		Release|Any CPU = Release|Any CPU
	EndGlobalSection
	GlobalSection(ProjectConfigurationPlatforms) = postSolution
		{8305CE89-FF0B-4677-BC6F-5337EF159577}.Debug|Any CPU.ActiveCfg = Debug|Any CPU
		{8305CE89-FF0B-4677-BC6F-5337EF159577}.Debug|Any CPU.Build.0 = Debug|Any CPU
		{8305CE89-FF0B-4677-BC6F-5337EF159577}.Release|Any CPU.ActiveCfg = Release|Any CPU
		{8305CE89-FF0B-4677-BC6F-5337EF159577}.Release|Any CPU.Build.0 = Release|Any CPU
	EndGlobalSection
	GlobalSection(SolutionProperties) = preSolution
		HideSolutionNode = FALSE
	EndGlobalSection
	GlobalSection(ExtensibilityGlobals) = postSolution
		SolutionGuid = {7774B8BE-0D76-4758-BB29-802BF1F8E378}
	EndGlobalSection
EndGlobal
